
Microsoft Visual Studio Solution File, Format Version 12.00
# Visual Studio Version 16
VisualStudioVersion = 16.0.29806.167
MinimumVisualStudioVersion = 10.0.40219.1
Project("{FAE04EC0-301F-11D3-BF4B-00C04F79EFBC}") = "Soccer.Common", "Soccer.Common\Soccer.Common.csproj", "{BE3A5FB3-387B-455B-BA60-9627C0BCDD70}"
EndProject
Project("{FAE04EC0-301F-11D3-BF4B-00C04F79EFBC}") = "Soccer.Web", "Soccer.Web\Soccer.Web.csproj", "{32D5CB8E-7EE5-41FA-AEDA-437B3653FA7F}"
EndProject
Project("{FAE04EC0-301F-11D3-BF4B-00C04F79EFBC}") = "Soccer.Prism", "Soccer.Prism\Soccer.Prism\Soccer.Prism.csproj", "{28C56C9B-717C-461A-818A-B5DEAF986118}"
EndProject
Project("{FAE04EC0-301F-11D3-BF4B-00C04F79EFBC}") = "Soccer.Prism.Android", "Soccer.Prism\Soccer.Prism.Android\Soccer.Prism.Android.csproj", "{DB07A359-7332-422B-8470-E1DBE11E7CDC}"
EndProject
Project("{FAE04EC0-301F-11D3-BF4B-00C04F79EFBC}") = "Soccer.Prism.iOS", "Soccer.Prism\Soccer.Prism.iOS\Soccer.Prism.iOS.csproj", "{E2109BF2-E714-4983-84BF-21DDD673D1E9}"
EndProject
Project("{FAE04EC0-301F-11D3-BF4B-00C04F79EFBC}") = "Soccer.Cross.Android", "Soccer.Cross.Android\Soccer.Cross.Android.csproj", "{68526AE2-7D83-452A-B385-ABE380794904}"
EndProject
Project("{FAE04EC0-301F-11D3-BF4B-00C04F79EFBC}") = "Soccer.Cross.iOS", "Soccer.Cross.iOS\Soccer.Cross.iOS.csproj", "{FC25729E-6872-4445-A6B5-EA1EEC52DD0B}"
EndProject
Global
	GlobalSection(SolutionConfigurationPlatforms) = preSolution
		Ad-Hoc|Any CPU = Ad-Hoc|Any CPU
		Ad-Hoc|iPhone = Ad-Hoc|iPhone
		Ad-Hoc|iPhoneSimulator = Ad-Hoc|iPhoneSimulator
		AppStore|Any CPU = AppStore|Any CPU
		AppStore|iPhone = AppStore|iPhone
		AppStore|iPhoneSimulator = AppStore|iPhoneSimulator
		Debug|Any CPU = Debug|Any CPU
		Debug|iPhone = Debug|iPhone
		Debug|iPhoneSimulator = Debug|iPhoneSimulator
		Release|Any CPU = Release|Any CPU
		Release|iPhone = Release|iPhone
		Release|iPhoneSimulator = Release|iPhoneSimulator
	EndGlobalSection
	GlobalSection(ProjectConfigurationPlatforms) = postSolution
		{BE3A5FB3-387B-455B-BA60-9627C0BCDD70}.Ad-Hoc|Any CPU.ActiveCfg = Debug|Any CPU
		{BE3A5FB3-387B-455B-BA60-9627C0BCDD70}.Ad-Hoc|Any CPU.Build.0 = Debug|Any CPU
		{BE3A5FB3-387B-455B-BA60-9627C0BCDD70}.Ad-Hoc|iPhone.ActiveCfg = Debug|Any CPU
		{BE3A5FB3-387B-455B-BA60-9627C0BCDD70}.Ad-Hoc|iPhone.Build.0 = Debug|Any CPU
		{BE3A5FB3-387B-455B-BA60-9627C0BCDD70}.Ad-Hoc|iPhoneSimulator.ActiveCfg = Debug|Any CPU
		{BE3A5FB3-387B-455B-BA60-9627C0BCDD70}.Ad-Hoc|iPhoneSimulator.Build.0 = Debug|Any CPU
		{BE3A5FB3-387B-455B-BA60-9627C0BCDD70}.AppStore|Any CPU.ActiveCfg = Debug|Any CPU
		{BE3A5FB3-387B-455B-BA60-9627C0BCDD70}.AppStore|Any CPU.Build.0 = Debug|Any CPU
		{BE3A5FB3-387B-455B-BA60-9627C0BCDD70}.AppStore|iPhone.ActiveCfg = Debug|Any CPU
		{BE3A5FB3-387B-455B-BA60-9627C0BCDD70}.AppStore|iPhone.Build.0 = Debug|Any CPU
		{BE3A5FB3-387B-455B-BA60-9627C0BCDD70}.AppStore|iPhoneSimulator.ActiveCfg = Debug|Any CPU
		{BE3A5FB3-387B-455B-BA60-9627C0BCDD70}.AppStore|iPhoneSimulator.Build.0 = Debug|Any CPU
		{BE3A5FB3-387B-455B-BA60-9627C0BCDD70}.Debug|Any CPU.ActiveCfg = Debug|Any CPU
		{BE3A5FB3-387B-455B-BA60-9627C0BCDD70}.Debug|Any CPU.Build.0 = Debug|Any CPU
		{BE3A5FB3-387B-455B-BA60-9627C0BCDD70}.Debug|iPhone.ActiveCfg = Debug|Any CPU
		{BE3A5FB3-387B-455B-BA60-9627C0BCDD70}.Debug|iPhone.Build.0 = Debug|Any CPU
		{BE3A5FB3-387B-455B-BA60-9627C0BCDD70}.Debug|iPhoneSimulator.ActiveCfg = Debug|Any CPU
		{BE3A5FB3-387B-455B-BA60-9627C0BCDD70}.Debug|iPhoneSimulator.Build.0 = Debug|Any CPU
		{BE3A5FB3-387B-455B-BA60-9627C0BCDD70}.Release|Any CPU.ActiveCfg = Release|Any CPU
		{BE3A5FB3-387B-455B-BA60-9627C0BCDD70}.Release|Any CPU.Build.0 = Release|Any CPU
		{BE3A5FB3-387B-455B-BA60-9627C0BCDD70}.Release|iPhone.ActiveCfg = Release|Any CPU
		{BE3A5FB3-387B-455B-BA60-9627C0BCDD70}.Release|iPhone.Build.0 = Release|Any CPU
		{BE3A5FB3-387B-455B-BA60-9627C0BCDD70}.Release|iPhoneSimulator.ActiveCfg = Release|Any CPU
		{BE3A5FB3-387B-455B-BA60-9627C0BCDD70}.Release|iPhoneSimulator.Build.0 = Release|Any CPU
		{32D5CB8E-7EE5-41FA-AEDA-437B3653FA7F}.Ad-Hoc|Any CPU.ActiveCfg = Debug|Any CPU
		{32D5CB8E-7EE5-41FA-AEDA-437B3653FA7F}.Ad-Hoc|Any CPU.Build.0 = Debug|Any CPU
		{32D5CB8E-7EE5-41FA-AEDA-437B3653FA7F}.Ad-Hoc|iPhone.ActiveCfg = Debug|Any CPU
		{32D5CB8E-7EE5-41FA-AEDA-437B3653FA7F}.Ad-Hoc|iPhone.Build.0 = Debug|Any CPU
		{32D5CB8E-7EE5-41FA-AEDA-437B3653FA7F}.Ad-Hoc|iPhoneSimulator.ActiveCfg = Debug|Any CPU
		{32D5CB8E-7EE5-41FA-AEDA-437B3653FA7F}.Ad-Hoc|iPhoneSimulator.Build.0 = Debug|Any CPU
		{32D5CB8E-7EE5-41FA-AEDA-437B3653FA7F}.AppStore|Any CPU.ActiveCfg = Debug|Any CPU
		{32D5CB8E-7EE5-41FA-AEDA-437B3653FA7F}.AppStore|Any CPU.Build.0 = Debug|Any CPU
		{32D5CB8E-7EE5-41FA-AEDA-437B3653FA7F}.AppStore|iPhone.ActiveCfg = Debug|Any CPU
		{32D5CB8E-7EE5-41FA-AEDA-437B3653FA7F}.AppStore|iPhone.Build.0 = Debug|Any CPU
		{32D5CB8E-7EE5-41FA-AEDA-437B3653FA7F}.AppStore|iPhoneSimulator.ActiveCfg = Debug|Any CPU
		{32D5CB8E-7EE5-41FA-AEDA-437B3653FA7F}.AppStore|iPhoneSimulator.Build.0 = Debug|Any CPU
		{32D5CB8E-7EE5-41FA-AEDA-437B3653FA7F}.Debug|Any CPU.ActiveCfg = Debug|Any CPU
		{32D5CB8E-7EE5-41FA-AEDA-437B3653FA7F}.Debug|Any CPU.Build.0 = Debug|Any CPU
		{32D5CB8E-7EE5-41FA-AEDA-437B3653FA7F}.Debug|iPhone.ActiveCfg = Debug|Any CPU
		{32D5CB8E-7EE5-41FA-AEDA-437B3653FA7F}.Debug|iPhone.Build.0 = Debug|Any CPU
		{32D5CB8E-7EE5-41FA-AEDA-437B3653FA7F}.Debug|iPhoneSimulator.ActiveCfg = Debug|Any CPU
		{32D5CB8E-7EE5-41FA-AEDA-437B3653FA7F}.Debug|iPhoneSimulator.Build.0 = Debug|Any CPU
		{32D5CB8E-7EE5-41FA-AEDA-437B3653FA7F}.Release|Any CPU.ActiveCfg = Release|Any CPU
		{32D5CB8E-7EE5-41FA-AEDA-437B3653FA7F}.Release|Any CPU.Build.0 = Release|Any CPU
		{32D5CB8E-7EE5-41FA-AEDA-437B3653FA7F}.Release|iPhone.ActiveCfg = Release|Any CPU
		{32D5CB8E-7EE5-41FA-AEDA-437B3653FA7F}.Release|iPhone.Build.0 = Release|Any CPU
		{32D5CB8E-7EE5-41FA-AEDA-437B3653FA7F}.Release|iPhoneSimulator.ActiveCfg = Release|Any CPU
		{32D5CB8E-7EE5-41FA-AEDA-437B3653FA7F}.Release|iPhoneSimulator.Build.0 = Release|Any CPU
		{28C56C9B-717C-461A-818A-B5DEAF986118}.Ad-Hoc|Any CPU.ActiveCfg = Debug|Any CPU
		{28C56C9B-717C-461A-818A-B5DEAF986118}.Ad-Hoc|Any CPU.Build.0 = Debug|Any CPU
		{28C56C9B-717C-461A-818A-B5DEAF986118}.Ad-Hoc|iPhone.ActiveCfg = Debug|Any CPU
		{28C56C9B-717C-461A-818A-B5DEAF986118}.Ad-Hoc|iPhone.Build.0 = Debug|Any CPU
		{28C56C9B-717C-461A-818A-B5DEAF986118}.Ad-Hoc|iPhoneSimulator.ActiveCfg = Debug|Any CPU
		{28C56C9B-717C-461A-818A-B5DEAF986118}.Ad-Hoc|iPhoneSimulator.Build.0 = Debug|Any CPU
		{28C56C9B-717C-461A-818A-B5DEAF986118}.AppStore|Any CPU.ActiveCfg = Debug|Any CPU
		{28C56C9B-717C-461A-818A-B5DEAF986118}.AppStore|Any CPU.Build.0 = Debug|Any CPU
		{28C56C9B-717C-461A-818A-B5DEAF986118}.AppStore|iPhone.ActiveCfg = Debug|Any CPU
		{28C56C9B-717C-461A-818A-B5DEAF986118}.AppStore|iPhone.Build.0 = Debug|Any CPU
		{28C56C9B-717C-461A-818A-B5DEAF986118}.AppStore|iPhoneSimulator.ActiveCfg = Debug|Any CPU
		{28C56C9B-717C-461A-818A-B5DEAF986118}.AppStore|iPhoneSimulator.Build.0 = Debug|Any CPU
		{28C56C9B-717C-461A-818A-B5DEAF986118}.Debug|Any CPU.ActiveCfg = Debug|Any CPU
		{28C56C9B-717C-461A-818A-B5DEAF986118}.Debug|Any CPU.Build.0 = Debug|Any CPU
		{28C56C9B-717C-461A-818A-B5DEAF986118}.Debug|iPhone.ActiveCfg = Debug|Any CPU
		{28C56C9B-717C-461A-818A-B5DEAF986118}.Debug|iPhone.Build.0 = Debug|Any CPU
		{28C56C9B-717C-461A-818A-B5DEAF986118}.Debug|iPhoneSimulator.ActiveCfg = Debug|Any CPU
		{28C56C9B-717C-461A-818A-B5DEAF986118}.Debug|iPhoneSimulator.Build.0 = Debug|Any CPU
		{28C56C9B-717C-461A-818A-B5DEAF986118}.Release|Any CPU.ActiveCfg = Release|Any CPU
		{28C56C9B-717C-461A-818A-B5DEAF986118}.Release|Any CPU.Build.0 = Release|Any CPU
		{28C56C9B-717C-461A-818A-B5DEAF986118}.Release|iPhone.ActiveCfg = Release|Any CPU
		{28C56C9B-717C-461A-818A-B5DEAF986118}.Release|iPhone.Build.0 = Release|Any CPU
		{28C56C9B-717C-461A-818A-B5DEAF986118}.Release|iPhoneSimulator.ActiveCfg = Release|Any CPU
		{28C56C9B-717C-461A-818A-B5DEAF986118}.Release|iPhoneSimulator.Build.0 = Release|Any CPU
		{DB07A359-7332-422B-8470-E1DBE11E7CDC}.Ad-Hoc|Any CPU.ActiveCfg = Release|Any CPU
		{DB07A359-7332-422B-8470-E1DBE11E7CDC}.Ad-Hoc|Any CPU.Build.0 = Release|Any CPU
		{DB07A359-7332-422B-8470-E1DBE11E7CDC}.Ad-Hoc|Any CPU.Deploy.0 = Release|Any CPU
		{DB07A359-7332-422B-8470-E1DBE11E7CDC}.Ad-Hoc|iPhone.ActiveCfg = Release|Any CPU
		{DB07A359-7332-422B-8470-E1DBE11E7CDC}.Ad-Hoc|iPhone.Build.0 = Release|Any CPU
		{DB07A359-7332-422B-8470-E1DBE11E7CDC}.Ad-Hoc|iPhone.Deploy.0 = Release|Any CPU
		{DB07A359-7332-422B-8470-E1DBE11E7CDC}.Ad-Hoc|iPhoneSimulator.ActiveCfg = Release|Any CPU
		{DB07A359-7332-422B-8470-E1DBE11E7CDC}.Ad-Hoc|iPhoneSimulator.Build.0 = Release|Any CPU
		{DB07A359-7332-422B-8470-E1DBE11E7CDC}.Ad-Hoc|iPhoneSimulator.Deploy.0 = Release|Any CPU
		{DB07A359-7332-422B-8470-E1DBE11E7CDC}.AppStore|Any CPU.ActiveCfg = Release|Any CPU
		{DB07A359-7332-422B-8470-E1DBE11E7CDC}.AppStore|Any CPU.Build.0 = Release|Any CPU
		{DB07A359-7332-422B-8470-E1DBE11E7CDC}.AppStore|Any CPU.Deploy.0 = Release|Any CPU
		{DB07A359-7332-422B-8470-E1DBE11E7CDC}.AppStore|iPhone.ActiveCfg = Release|Any CPU
		{DB07A359-7332-422B-8470-E1DBE11E7CDC}.AppStore|iPhone.Build.0 = Release|Any CPU
		{DB07A359-7332-422B-8470-E1DBE11E7CDC}.AppStore|iPhone.Deploy.0 = Release|Any CPU
		{DB07A359-7332-422B-8470-E1DBE11E7CDC}.AppStore|iPhoneSimulator.ActiveCfg = Release|Any CPU
		{DB07A359-7332-422B-8470-E1DBE11E7CDC}.AppStore|iPhoneSimulator.Build.0 = Release|Any CPU
		{DB07A359-7332-422B-8470-E1DBE11E7CDC}.AppStore|iPhoneSimulator.Deploy.0 = Release|Any CPU
		{DB07A359-7332-422B-8470-E1DBE11E7CDC}.Debug|Any CPU.ActiveCfg = Debug|Any CPU
		{DB07A359-7332-422B-8470-E1DBE11E7CDC}.Debug|Any CPU.Build.0 = Debug|Any CPU
		{DB07A359-7332-422B-8470-E1DBE11E7CDC}.Debug|Any CPU.Deploy.0 = Debug|Any CPU
		{DB07A359-7332-422B-8470-E1DBE11E7CDC}.Debug|iPhone.ActiveCfg = Debug|Any CPU
		{DB07A359-7332-422B-8470-E1DBE11E7CDC}.Debug|iPhone.Build.0 = Debug|Any CPU
		{DB07A359-7332-422B-8470-E1DBE11E7CDC}.Debug|iPhone.Deploy.0 = Debug|Any CPU
		{DB07A359-7332-422B-8470-E1DBE11E7CDC}.Debug|iPhoneSimulator.ActiveCfg = Debug|Any CPU
		{DB07A359-7332-422B-8470-E1DBE11E7CDC}.Debug|iPhoneSimulator.Build.0 = Debug|Any CPU
		{DB07A359-7332-422B-8470-E1DBE11E7CDC}.Debug|iPhoneSimulator.Deploy.0 = Debug|Any CPU
		{DB07A359-7332-422B-8470-E1DBE11E7CDC}.Release|Any CPU.ActiveCfg = Release|Any CPU
		{DB07A359-7332-422B-8470-E1DBE11E7CDC}.Release|Any CPU.Build.0 = Release|Any CPU
		{DB07A359-7332-422B-8470-E1DBE11E7CDC}.Release|Any CPU.Deploy.0 = Release|Any CPU
		{DB07A359-7332-422B-8470-E1DBE11E7CDC}.Release|iPhone.ActiveCfg = Release|Any CPU
		{DB07A359-7332-422B-8470-E1DBE11E7CDC}.Release|iPhone.Build.0 = Release|Any CPU
		{DB07A359-7332-422B-8470-E1DBE11E7CDC}.Release|iPhone.Deploy.0 = Release|Any CPU
		{DB07A359-7332-422B-8470-E1DBE11E7CDC}.Release|iPhoneSimulator.ActiveCfg = Release|Any CPU
		{DB07A359-7332-422B-8470-E1DBE11E7CDC}.Release|iPhoneSimulator.Build.0 = Release|Any CPU
		{DB07A359-7332-422B-8470-E1DBE11E7CDC}.Release|iPhoneSimulator.Deploy.0 = Release|Any CPU
		{E2109BF2-E714-4983-84BF-21DDD673D1E9}.Ad-Hoc|Any CPU.ActiveCfg = Ad-Hoc|iPhone
		{E2109BF2-E714-4983-84BF-21DDD673D1E9}.Ad-Hoc|iPhone.ActiveCfg = Ad-Hoc|iPhone
		{E2109BF2-E714-4983-84BF-21DDD673D1E9}.Ad-Hoc|iPhone.Build.0 = Ad-Hoc|iPhone
		{E2109BF2-E714-4983-84BF-21DDD673D1E9}.Ad-Hoc|iPhoneSimulator.ActiveCfg = Ad-Hoc|iPhoneSimulator
		{E2109BF2-E714-4983-84BF-21DDD673D1E9}.Ad-Hoc|iPhoneSimulator.Build.0 = Ad-Hoc|iPhoneSimulator
		{E2109BF2-E714-4983-84BF-21DDD673D1E9}.AppStore|Any CPU.ActiveCfg = AppStore|iPhone
		{E2109BF2-E714-4983-84BF-21DDD673D1E9}.AppStore|iPhone.ActiveCfg = AppStore|iPhone
		{E2109BF2-E714-4983-84BF-21DDD673D1E9}.AppStore|iPhone.Build.0 = AppStore|iPhone
		{E2109BF2-E714-4983-84BF-21DDD673D1E9}.AppStore|iPhoneSimulator.ActiveCfg = AppStore|iPhoneSimulator
		{E2109BF2-E714-4983-84BF-21DDD673D1E9}.AppStore|iPhoneSimulator.Build.0 = AppStore|iPhoneSimulator
		{E2109BF2-E714-4983-84BF-21DDD673D1E9}.Debug|Any CPU.ActiveCfg = Debug|iPhone
		{E2109BF2-E714-4983-84BF-21DDD673D1E9}.Debug|iPhone.ActiveCfg = Debug|iPhone
		{E2109BF2-E714-4983-84BF-21DDD673D1E9}.Debug|iPhone.Build.0 = Debug|iPhone
		{E2109BF2-E714-4983-84BF-21DDD673D1E9}.Debug|iPhoneSimulator.ActiveCfg = Debug|iPhoneSimulator
		{E2109BF2-E714-4983-84BF-21DDD673D1E9}.Debug|iPhoneSimulator.Build.0 = Debug|iPhoneSimulator
		{E2109BF2-E714-4983-84BF-21DDD673D1E9}.Release|Any CPU.ActiveCfg = Release|iPhone
		{E2109BF2-E714-4983-84BF-21DDD673D1E9}.Release|iPhone.ActiveCfg = Release|iPhone
		{E2109BF2-E714-4983-84BF-21DDD673D1E9}.Release|iPhone.Build.0 = Release|iPhone
		{E2109BF2-E714-4983-84BF-21DDD673D1E9}.Release|iPhoneSimulator.ActiveCfg = Release|iPhoneSimulator
		{E2109BF2-E714-4983-84BF-21DDD673D1E9}.Release|iPhoneSimulator.Build.0 = Release|iPhoneSimulator
		{68526AE2-7D83-452A-B385-ABE380794904}.Ad-Hoc|Any CPU.ActiveCfg = Release|Any CPU
		{68526AE2-7D83-452A-B385-ABE380794904}.Ad-Hoc|Any CPU.Build.0 = Release|Any CPU
		{68526AE2-7D83-452A-B385-ABE380794904}.Ad-Hoc|Any CPU.Deploy.0 = Release|Any CPU
		{68526AE2-7D83-452A-B385-ABE380794904}.Ad-Hoc|iPhone.ActiveCfg = Release|Any CPU
		{68526AE2-7D83-452A-B385-ABE380794904}.Ad-Hoc|iPhone.Build.0 = Release|Any CPU
		{68526AE2-7D83-452A-B385-ABE380794904}.Ad-Hoc|iPhone.Deploy.0 = Release|Any CPU
		{68526AE2-7D83-452A-B385-ABE380794904}.Ad-Hoc|iPhoneSimulator.ActiveCfg = Release|Any CPU
		{68526AE2-7D83-452A-B385-ABE380794904}.Ad-Hoc|iPhoneSimulator.Build.0 = Release|Any CPU
		{68526AE2-7D83-452A-B385-ABE380794904}.Ad-Hoc|iPhoneSimulator.Deploy.0 = Release|Any CPU
		{68526AE2-7D83-452A-B385-ABE380794904}.AppStore|Any CPU.ActiveCfg = Release|Any CPU
		{68526AE2-7D83-452A-B385-ABE380794904}.AppStore|Any CPU.Build.0 = Release|Any CPU
		{68526AE2-7D83-452A-B385-ABE380794904}.AppStore|Any CPU.Deploy.0 = Release|Any CPU
		{68526AE2-7D83-452A-B385-ABE380794904}.AppStore|iPhone.ActiveCfg = Release|Any CPU
		{68526AE2-7D83-452A-B385-ABE380794904}.AppStore|iPhone.Build.0 = Release|Any CPU
		{68526AE2-7D83-452A-B385-ABE380794904}.AppStore|iPhone.Deploy.0 = Release|Any CPU
		{68526AE2-7D83-452A-B385-ABE380794904}.AppStore|iPhoneSimulator.ActiveCfg = Release|Any CPU
		{68526AE2-7D83-452A-B385-ABE380794904}.AppStore|iPhoneSimulator.Build.0 = Release|Any CPU
		{68526AE2-7D83-452A-B385-ABE380794904}.AppStore|iPhoneSimulator.Deploy.0 = Release|Any CPU
		{68526AE2-7D83-452A-B385-ABE380794904}.Debug|Any CPU.ActiveCfg = Debug|Any CPU
		{68526AE2-7D83-452A-B385-ABE380794904}.Debug|Any CPU.Build.0 = Debug|Any CPU
		{68526AE2-7D83-452A-B385-ABE380794904}.Debug|Any CPU.Deploy.0 = Debug|Any CPU
		{68526AE2-7D83-452A-B385-ABE380794904}.Debug|iPhone.ActiveCfg = Debug|Any CPU
		{68526AE2-7D83-452A-B385-ABE380794904}.Debug|iPhone.Build.0 = Debug|Any CPU
		{68526AE2-7D83-452A-B385-ABE380794904}.Debug|iPhone.Deploy.0 = Debug|Any CPU
		{68526AE2-7D83-452A-B385-ABE380794904}.Debug|iPhoneSimulator.ActiveCfg = Debug|Any CPU
		{68526AE2-7D83-452A-B385-ABE380794904}.Debug|iPhoneSimulator.Build.0 = Debug|Any CPU
		{68526AE2-7D83-452A-B385-ABE380794904}.Debug|iPhoneSimulator.Deploy.0 = Debug|Any CPU
		{68526AE2-7D83-452A-B385-ABE380794904}.Release|Any CPU.ActiveCfg = Release|Any CPU
		{68526AE2-7D83-452A-B385-ABE380794904}.Release|Any CPU.Build.0 = Release|Any CPU
		{68526AE2-7D83-452A-B385-ABE380794904}.Release|Any CPU.Deploy.0 = Release|Any CPU
		{68526AE2-7D83-452A-B385-ABE380794904}.Release|iPhone.ActiveCfg = Release|Any CPU
		{68526AE2-7D83-452A-B385-ABE380794904}.Release|iPhone.Build.0 = Release|Any CPU
		{68526AE2-7D83-452A-B385-ABE380794904}.Release|iPhone.Deploy.0 = Release|Any CPU
		{68526AE2-7D83-452A-B385-ABE380794904}.Release|iPhoneSimulator.ActiveCfg = Release|Any CPU
		{68526AE2-7D83-452A-B385-ABE380794904}.Release|iPhoneSimulator.Build.0 = Release|Any CPU
		{68526AE2-7D83-452A-B385-ABE380794904}.Release|iPhoneSimulator.Deploy.0 = Release|Any CPU
		{FC25729E-6872-4445-A6B5-EA1EEC52DD0B}.Ad-Hoc|Any CPU.ActiveCfg = Release|iPhone
		{FC25729E-6872-4445-A6B5-EA1EEC52DD0B}.Ad-Hoc|Any CPU.Build.0 = Release|iPhone
		{FC25729E-6872-4445-A6B5-EA1EEC52DD0B}.Ad-Hoc|iPhone.ActiveCfg = Release|iPhone
		{FC25729E-6872-4445-A6B5-EA1EEC52DD0B}.Ad-Hoc|iPhone.Build.0 = Release|iPhone
		{FC25729E-6872-4445-A6B5-EA1EEC52DD0B}.Ad-Hoc|iPhoneSimulator.ActiveCfg = Release|iPhoneSimulator
		{FC25729E-6872-4445-A6B5-EA1EEC52DD0B}.Ad-Hoc|iPhoneSimulator.Build.0 = Release|iPhoneSimulator
		{FC25729E-6872-4445-A6B5-EA1EEC52DD0B}.AppStore|Any CPU.ActiveCfg = Release|iPhone
		{FC25729E-6872-4445-A6B5-EA1EEC52DD0B}.AppStore|Any CPU.Build.0 = Release|iPhone
		{FC25729E-6872-4445-A6B5-EA1EEC52DD0B}.AppStore|iPhone.ActiveCfg = Release|iPhone
		{FC25729E-6872-4445-A6B5-EA1EEC52DD0B}.AppStore|iPhone.Build.0 = Release|iPhone
		{FC25729E-6872-4445-A6B5-EA1EEC52DD0B}.AppStore|iPhoneSimulator.ActiveCfg = Release|iPhoneSimulator
		{FC25729E-6872-4445-A6B5-EA1EEC52DD0B}.AppStore|iPhoneSimulator.Build.0 = Release|iPhoneSimulator
		{FC25729E-6872-4445-A6B5-EA1EEC52DD0B}.Debug|Any CPU.ActiveCfg = Debug|iPhone
		{FC25729E-6872-4445-A6B5-EA1EEC52DD0B}.Debug|iPhone.ActiveCfg = Debug|iPhone
		{FC25729E-6872-4445-A6B5-EA1EEC52DD0B}.Debug|iPhone.Build.0 = Debug|iPhone
		{FC25729E-6872-4445-A6B5-EA1EEC52DD0B}.Debug|iPhoneSimulator.ActiveCfg = Debug|iPhoneSimulator
		{FC25729E-6872-4445-A6B5-EA1EEC52DD0B}.Debug|iPhoneSimulator.Build.0 = Debug|iPhoneSimulator
		{FC25729E-6872-4445-A6B5-EA1EEC52DD0B}.Release|Any CPU.ActiveCfg = Release|iPhone
		{FC25729E-6872-4445-A6B5-EA1EEC52DD0B}.Release|iPhone.ActiveCfg = Release|iPhone
		{FC25729E-6872-4445-A6B5-EA1EEC52DD0B}.Release|iPhone.Build.0 = Release|iPhone
		{FC25729E-6872-4445-A6B5-EA1EEC52DD0B}.Release|iPhoneSimulator.ActiveCfg = Release|iPhoneSimulator
		{FC25729E-6872-4445-A6B5-EA1EEC52DD0B}.Release|iPhoneSimulator.Build.0 = Release|iPhoneSimulator
	EndGlobalSection
	GlobalSection(SolutionProperties) = preSolution
		HideSolutionNode = FALSE
	EndGlobalSection
	GlobalSection(ExtensibilityGlobals) = postSolution
		SolutionGuid = {95C95A69-2B22-41D6-84AD-17E7E6F86F36}
	EndGlobalSection
EndGlobal
